Microsoft Visual Studio Solution File, Format Version 12.00
# Visual Studio Version 17
VisualStudioVersion = 17.0.33829.131
MinimumVisualStudioVersion = 10.0.40219.1
Project("{2150E333-8FDC-42A3-9474-1A3956D46DE8}") = "Tooling", "Tooling", "{1CD5FA68-B060-4424-84F5-D434126B0FC3}"
EndProject
Project("{2150E333-8FDC-42A3-9474-1A3956D46DE8}") = "dotnet", "dotnet", "{A5D2D7FD-FAFC-471B-B2A9-D220B3AF3AD0}"
EndProject
Project("{2150E333-8FDC-42A3-9474-1A3956D46DE8}") = "x-cli", "x-cli", "{4F587A3C-D319-4FB1-A00B-410AE74C8DDE}"
EndProject
Project("{2150E333-8FDC-42A3-9474-1A3956D46DE8}") = "src", "src", "{9E47E015-A44F-4353-90F5-AC3C563736E2}"
EndProject
Project("{2150E333-8FDC-42A3-9474-1A3956D46DE8}") = "tests", "tests", "{C26E1B1A-2B11-4E9D-ACD4-26FB99109E80}"
EndProject
Project("{2150E333-8FDC-42A3-9474-1A3956D46DE8}") = "Tools", "Tools", "{E0016E25-15B1-439D-89CD-A694F3379AD3}"
EndProject
Project("{FAE04EC0-301F-11D3-BF4B-00C04F79EFBC}") = "LvprojJsonTool", "Tooling\dotnet\LvprojJsonTool\LvprojJsonTool.csproj", "{38ADF927-E5CB-4FDB-B7D2-8783942ABCF3}"
EndProject
Project("{FAE04EC0-301F-11D3-BF4B-00C04F79EFBC}") = "OrchestrationCli", "Tooling\dotnet\OrchestrationCli\OrchestrationCli.csproj", "{9E5A43FA-BD4D-4AC0-89DA-523FD12B6F4B}"
EndProject
Project("{FAE04EC0-301F-11D3-BF4B-00C04F79EFBC}") = "TestsCli", "Tooling\dotnet\TestsCli\TestsCli.csproj", "{68E59711-E4A4-417F-951B-26E92470B644}"
EndProject
Project("{FAE04EC0-301F-11D3-BF4B-00C04F79EFBC}") = "IntegrationEngineCli", "Tooling\dotnet\IntegrationEngineCli\IntegrationEngineCli.csproj", "{50F97906-2984-402C-9533-1E8AACB958A7}"
EndProject
Project("{FAE04EC0-301F-11D3-BF4B-00C04F79EFBC}") = "OrchestrationCompatCli", "Tooling\dotnet\OrchestrationCompatCli\OrchestrationCompatCli.csproj", "{AA45DEA9-478C-42EE-B5AA-17702F150DD2}"
EndProject
Project("{FAE04EC0-301F-11D3-BF4B-00C04F79EFBC}") = "RequirementsSummarizer", "Tooling\dotnet\RequirementsSummarizer\RequirementsSummarizer.csproj", "{2A1B47C3-65D3-4351-A752-9E315F22FC98}"
EndProject
Project("{FAE04EC0-301F-11D3-BF4B-00C04F79EFBC}") = "VipbJsonTool", "Tooling\dotnet\VipbJsonTool\VipbJsonTool.csproj", "{24A2B905-01B7-4FD1-A310-E0E334CFA138}"
EndProject
Project("{FAE04EC0-301F-11D3-BF4B-00C04F79EFBC}") = "DevModeAgentCli", "Tooling\dotnet\DevModeAgentCli\DevModeAgentCli.csproj", "{8AE589D6-04CF-46B9-8052-F5C5566AF1E4}"
EndProject
Project("{FAE04EC0-301F-11D3-BF4B-00C04F79EFBC}") = "OrchestrationCli.Tests", "Tooling\dotnet\OrchestrationCli.Tests\OrchestrationCli.Tests.csproj", "{4334065D-D79A-4D7E-8A28-9C492EA0ADDC}"
EndProject
Project("{FAE04EC0-301F-11D3-BF4B-00C04F79EFBC}") = "OllamaSmokeCli", "Tooling\dotnet\OllamaSmokeCli\OllamaSmokeCli.csproj", "{DBCCE8F5-B1D7-4C1D-943B-F8C8FF9E15C8}"
EndProject
Project("{FAE04EC0-301F-11D3-BF4B-00C04F79EFBC}") = "XCli.Tests", "Tooling\x-cli\tests\XCli.Tests\XCli.Tests.csproj", "{AB70D5B0-8307-48A7-B64A-5CF646F933FD}"
EndProject
Project("{FAE04EC0-301F-11D3-BF4B-00C04F79EFBC}") = "SrsApi.Tests", "Tooling\x-cli\tests\SrsApi.Tests\SrsApi.Tests.csproj", "{165C54B5-C7D9-4D7A-A66C-D8DFD49BBD38}"
EndProject
Project("{FAE04EC0-301F-11D3-BF4B-00C04F79EFBC}") = "ManifestValidationTests", "Tooling\x-cli\tests\ManifestValidationTests\ManifestValidationTests.csproj", "{393B3644-A8FB-433A-83FD-54827FAFD638}"
EndProject
Project("{FAE04EC0-301F-11D3-BF4B-00C04F79EFBC}") = "TestUtil", "Tooling\x-cli\tests\TestUtil\TestUtil.csproj", "{74BBB0C5-2BB6-4159-A10F-1A23C9D326A7}"
EndProject
Project("{FAE04EC0-301F-11D3-BF4B-00C04F79EFBC}") = "LockHolder", "Tooling\x-cli\tests\LockHolder\LockHolder.csproj", "{373D1A1F-229F-422C-A9D9-91B2D2BB3112}"
EndProject
Project("{FAE04EC0-301F-11D3-BF4B-00C04F79EFBC}") = "Telemetry", "Tooling\x-cli\src\Telemetry\Telemetry.csproj", "{021AA7BE-F097-460F-98FE-D15B35D6A746}"
EndProject
Project("{FAE04EC0-301F-11D3-BF4B-00C04F79EFBC}") = "SrsApi", "Tooling\x-cli\src\SrsApi\SrsApi.csproj", "{E7F2C645-73B0-450D-B91A-46BA6147BE0C}"
EndProject
Project("{FAE04EC0-301F-11D3-BF4B-00C04F79EFBC}") = "XCli", "Tooling\x-cli\src\XCli\XCli.csproj", "{4A79C82B-75C9-4F3B-8076-90EF92E9A5F2}"
EndProject
Project("{FAE04EC0-301F-11D3-BF4B-00C04F79EFBC}") = "ModuleIndex", "Tooling\x-cli\src\Tools\ModuleIndex\ModuleIndex.csproj", "{C3E25DF8-8910-4001-B038-C14F06C8F1B0}"
EndProject
Global
	GlobalSection(SolutionConfigurationPlatforms) = preSolution
		Debug|Any CPU = Debug|Any CPU
		Release|Any CPU = Release|Any CPU
	EndGlobalSection
	GlobalSection(ProjectConfigurationPlatforms) = postSolution
		{38ADF927-E5CB-4FDB-B7D2-8783942ABCF3}.Debug|Any CPU.ActiveCfg = Debug|Any CPU
		{38ADF927-E5CB-4FDB-B7D2-8783942ABCF3}.Debug|Any CPU.Build.0 = Debug|Any CPU
		{38ADF927-E5CB-4FDB-B7D2-8783942ABCF3}.Release|Any CPU.ActiveCfg = Release|Any CPU
		{38ADF927-E5CB-4FDB-B7D2-8783942ABCF3}.Release|Any CPU.Build.0 = Release|Any CPU
		{9E5A43FA-BD4D-4AC0-89DA-523FD12B6F4B}.Debug|Any CPU.ActiveCfg = Debug|Any CPU
		{9E5A43FA-BD4D-4AC0-89DA-523FD12B6F4B}.Debug|Any CPU.Build.0 = Debug|Any CPU
		{9E5A43FA-BD4D-4AC0-89DA-523FD12B6F4B}.Release|Any CPU.ActiveCfg = Release|Any CPU
		{9E5A43FA-BD4D-4AC0-89DA-523FD12B6F4B}.Release|Any CPU.Build.0 = Release|Any CPU
		{68E59711-E4A4-417F-951B-26E92470B644}.Debug|Any CPU.ActiveCfg = Debug|Any CPU
		{68E59711-E4A4-417F-951B-26E92470B644}.Debug|Any CPU.Build.0 = Debug|Any CPU
		{68E59711-E4A4-417F-951B-26E92470B644}.Release|Any CPU.ActiveCfg = Release|Any CPU
		{68E59711-E4A4-417F-951B-26E92470B644}.Release|Any CPU.Build.0 = Release|Any CPU
		{50F97906-2984-402C-9533-1E8AACB958A7}.Debug|Any CPU.ActiveCfg = Debug|Any CPU
		{50F97906-2984-402C-9533-1E8AACB958A7}.Debug|Any CPU.Build.0 = Debug|Any CPU
		{50F97906-2984-402C-9533-1E8AACB958A7}.Release|Any CPU.ActiveCfg = Release|Any CPU
		{50F97906-2984-402C-9533-1E8AACB958A7}.Release|Any CPU.Build.0 = Release|Any CPU
		{AA45DEA9-478C-42EE-B5AA-17702F150DD2}.Debug|Any CPU.ActiveCfg = Debug|Any CPU
		{AA45DEA9-478C-42EE-B5AA-17702F150DD2}.Debug|Any CPU.Build.0 = Debug|Any CPU
		{AA45DEA9-478C-42EE-B5AA-17702F150DD2}.Release|Any CPU.ActiveCfg = Release|Any CPU
		{AA45DEA9-478C-42EE-B5AA-17702F150DD2}.Release|Any CPU.Build.0 = Release|Any CPU
		{2A1B47C3-65D3-4351-A752-9E315F22FC98}.Debug|Any CPU.ActiveCfg = Debug|Any CPU
		{2A1B47C3-65D3-4351-A752-9E315F22FC98}.Debug|Any CPU.Build.0 = Debug|Any CPU
		{2A1B47C3-65D3-4351-A752-9E315F22FC98}.Release|Any CPU.ActiveCfg = Release|Any CPU
		{2A1B47C3-65D3-4351-A752-9E315F22FC98}.Release|Any CPU.Build.0 = Release|Any CPU
		{24A2B905-01B7-4FD1-A310-E0E334CFA138}.Debug|Any CPU.ActiveCfg = Debug|Any CPU
		{24A2B905-01B7-4FD1-A310-E0E334CFA138}.Debug|Any CPU.Build.0 = Debug|Any CPU
		{24A2B905-01B7-4FD1-A310-E0E334CFA138}.Release|Any CPU.ActiveCfg = Release|Any CPU
		{24A2B905-01B7-4FD1-A310-E0E334CFA138}.Release|Any CPU.Build.0 = Release|Any CPU
		{8AE589D6-04CF-46B9-8052-F5C5566AF1E4}.Debug|Any CPU.ActiveCfg = Debug|Any CPU
		{8AE589D6-04CF-46B9-8052-F5C5566AF1E4}.Debug|Any CPU.Build.0 = Debug|Any CPU
		{8AE589D6-04CF-46B9-8052-F5C5566AF1E4}.Release|Any CPU.ActiveCfg = Release|Any CPU
		{8AE589D6-04CF-46B9-8052-F5C5566AF1E4}.Release|Any CPU.Build.0 = Release|Any CPU
		{4334065D-D79A-4D7E-8A28-9C492EA0ADDC}.Debug|Any CPU.ActiveCfg = Debug|Any CPU
		{4334065D-D79A-4D7E-8A28-9C492EA0ADDC}.Debug|Any CPU.Build.0 = Debug|Any CPU
		{4334065D-D79A-4D7E-8A28-9C492EA0ADDC}.Release|Any CPU.ActiveCfg = Release|Any CPU
		{4334065D-D79A-4D7E-8A28-9C492EA0ADDC}.Release|Any CPU.Build.0 = Release|Any CPU
		{DBCCE8F5-B1D7-4C1D-943B-F8C8FF9E15C8}.Debug|Any CPU.ActiveCfg = Debug|Any CPU
		{DBCCE8F5-B1D7-4C1D-943B-F8C8FF9E15C8}.Debug|Any CPU.Build.0 = Debug|Any CPU
		{DBCCE8F5-B1D7-4C1D-943B-F8C8FF9E15C8}.Release|Any CPU.ActiveCfg = Release|Any CPU
		{DBCCE8F5-B1D7-4C1D-943B-F8C8FF9E15C8}.Release|Any CPU.Build.0 = Release|Any CPU
		{AB70D5B0-8307-48A7-B64A-5CF646F933FD}.Debug|Any CPU.ActiveCfg = Debug|Any CPU
		{AB70D5B0-8307-48A7-B64A-5CF646F933FD}.Debug|Any CPU.Build.0 = Debug|Any CPU
		{AB70D5B0-8307-48A7-B64A-5CF646F933FD}.Release|Any CPU.ActiveCfg = Release|Any CPU
		{AB70D5B0-8307-48A7-B64A-5CF646F933FD}.Release|Any CPU.Build.0 = Release|Any CPU
		{165C54B5-C7D9-4D7A-A66C-D8DFD49BBD38}.Debug|Any CPU.ActiveCfg = Debug|Any CPU
		{165C54B5-C7D9-4D7A-A66C-D8DFD49BBD38}.Debug|Any CPU.Build.0 = Debug|Any CPU
		{165C54B5-C7D9-4D7A-A66C-D8DFD49BBD38}.Release|Any CPU.ActiveCfg = Release|Any CPU
		{165C54B5-C7D9-4D7A-A66C-D8DFD49BBD38}.Release|Any CPU.Build.0 = Release|Any CPU
		{393B3644-A8FB-433A-83FD-54827FAFD638}.Debug|Any CPU.ActiveCfg = Debug|Any CPU
		{393B3644-A8FB-433A-83FD-54827FAFD638}.Debug|Any CPU.Build.0 = Debug|Any CPU
		{393B3644-A8FB-433A-83FD-54827FAFD638}.Release|Any CPU.ActiveCfg = Release|Any CPU
		{393B3644-A8FB-433A-83FD-54827FAFD638}.Release|Any CPU.Build.0 = Release|Any CPU
		{74BBB0C5-2BB6-4159-A10F-1A23C9D326A7}.Debug|Any CPU.ActiveCfg = Debug|Any CPU
		{74BBB0C5-2BB6-4159-A10F-1A23C9D326A7}.Debug|Any CPU.Build.0 = Debug|Any CPU
		{74BBB0C5-2BB6-4159-A10F-1A23C9D326A7}.Release|Any CPU.ActiveCfg = Release|Any CPU
		{74BBB0C5-2BB6-4159-A10F-1A23C9D326A7}.Release|Any CPU.Build.0 = Release|Any CPU
		{373D1A1F-229F-422C-A9D9-91B2D2BB3112}.Debug|Any CPU.ActiveCfg = Debug|Any CPU
		{373D1A1F-229F-422C-A9D9-91B2D2BB3112}.Debug|Any CPU.Build.0 = Debug|Any CPU
		{373D1A1F-229F-422C-A9D9-91B2D2BB3112}.Release|Any CPU.ActiveCfg = Release|Any CPU
		{373D1A1F-229F-422C-A9D9-91B2D2BB3112}.Release|Any CPU.Build.0 = Release|Any CPU
		{021AA7BE-F097-460F-98FE-D15B35D6A746}.Debug|Any CPU.ActiveCfg = Debug|Any CPU
		{021AA7BE-F097-460F-98FE-D15B35D6A746}.Debug|Any CPU.Build.0 = Debug|Any CPU
		{021AA7BE-F097-460F-98FE-D15B35D6A746}.Release|Any CPU.ActiveCfg = Release|Any CPU
		{021AA7BE-F097-460F-98FE-D15B35D6A746}.Release|Any CPU.Build.0 = Release|Any CPU
		{E7F2C645-73B0-450D-B91A-46BA6147BE0C}.Debug|Any CPU.ActiveCfg = Debug|Any CPU
		{E7F2C645-73B0-450D-B91A-46BA6147BE0C}.Debug|Any CPU.Build.0 = Debug|Any CPU
		{E7F2C645-73B0-450D-B91A-46BA6147BE0C}.Release|Any CPU.ActiveCfg = Release|Any CPU
		{E7F2C645-73B0-450D-B91A-46BA6147BE0C}.Release|Any CPU.Build.0 = Release|Any CPU
		{4A79C82B-75C9-4F3B-8076-90EF92E9A5F2}.Debug|Any CPU.ActiveCfg = Debug|Any CPU
		{4A79C82B-75C9-4F3B-8076-90EF92E9A5F2}.Debug|Any CPU.Build.0 = Debug|Any CPU
		{4A79C82B-75C9-4F3B-8076-90EF92E9A5F2}.Release|Any CPU.ActiveCfg = Release|Any CPU
		{4A79C82B-75C9-4F3B-8076-90EF92E9A5F2}.Release|Any CPU.Build.0 = Release|Any CPU
		{C3E25DF8-8910-4001-B038-C14F06C8F1B0}.Debug|Any CPU.ActiveCfg = Debug|Any CPU
		{C3E25DF8-8910-4001-B038-C14F06C8F1B0}.Debug|Any CPU.Build.0 = Debug|Any CPU
		{C3E25DF8-8910-4001-B038-C14F06C8F1B0}.Release|Any CPU.ActiveCfg = Release|Any CPU
		{C3E25DF8-8910-4001-B038-C14F06C8F1B0}.Release|Any CPU.Build.0 = Release|Any CPU
	EndGlobalSection
	GlobalSection(SolutionProperties) = preSolution
		HideSolutionNode = FALSE
	EndGlobalSection
	GlobalSection(NestedProjects) = preSolution
		{A5D2D7FD-FAFC-471B-B2A9-D220B3AF3AD0} = {1CD5FA68-B060-4424-84F5-D434126B0FC3}
		{4F587A3C-D319-4FB1-A00B-410AE74C8DDE} = {1CD5FA68-B060-4424-84F5-D434126B0FC3}
		{9E47E015-A44F-4353-90F5-AC3C563736E2} = {4F587A3C-D319-4FB1-A00B-410AE74C8DDE}
		{C26E1B1A-2B11-4E9D-ACD4-26FB99109E80} = {4F587A3C-D319-4FB1-A00B-410AE74C8DDE}
		{E0016E25-15B1-439D-89CD-A694F3379AD3} = {9E47E015-A44F-4353-90F5-AC3C563736E2}
		{38ADF927-E5CB-4FDB-B7D2-8783942ABCF3} = {A5D2D7FD-FAFC-471B-B2A9-D220B3AF3AD0}
		{9E5A43FA-BD4D-4AC0-89DA-523FD12B6F4B} = {A5D2D7FD-FAFC-471B-B2A9-D220B3AF3AD0}
		{68E59711-E4A4-417F-951B-26E92470B644} = {A5D2D7FD-FAFC-471B-B2A9-D220B3AF3AD0}
		{50F97906-2984-402C-9533-1E8AACB958A7} = {A5D2D7FD-FAFC-471B-B2A9-D220B3AF3AD0}
		{AA45DEA9-478C-42EE-B5AA-17702F150DD2} = {A5D2D7FD-FAFC-471B-B2A9-D220B3AF3AD0}
		{2A1B47C3-65D3-4351-A752-9E315F22FC98} = {A5D2D7FD-FAFC-471B-B2A9-D220B3AF3AD0}
		{24A2B905-01B7-4FD1-A310-E0E334CFA138} = {A5D2D7FD-FAFC-471B-B2A9-D220B3AF3AD0}
		{8AE589D6-04CF-46B9-8052-F5C5566AF1E4} = {A5D2D7FD-FAFC-471B-B2A9-D220B3AF3AD0}
		{4334065D-D79A-4D7E-8A28-9C492EA0ADDC} = {A5D2D7FD-FAFC-471B-B2A9-D220B3AF3AD0}
		{DBCCE8F5-B1D7-4C1D-943B-F8C8FF9E15C8} = {A5D2D7FD-FAFC-471B-B2A9-D220B3AF3AD0}
		{AB70D5B0-8307-48A7-B64A-5CF646F933FD} = {C26E1B1A-2B11-4E9D-ACD4-26FB99109E80}
		{165C54B5-C7D9-4D7A-A66C-D8DFD49BBD38} = {C26E1B1A-2B11-4E9D-ACD4-26FB99109E80}
		{393B3644-A8FB-433A-83FD-54827FAFD638} = {C26E1B1A-2B11-4E9D-ACD4-26FB99109E80}
		{74BBB0C5-2BB6-4159-A10F-1A23C9D326A7} = {C26E1B1A-2B11-4E9D-ACD4-26FB99109E80}
		{373D1A1F-229F-422C-A9D9-91B2D2BB3112} = {C26E1B1A-2B11-4E9D-ACD4-26FB99109E80}
		{021AA7BE-F097-460F-98FE-D15B35D6A746} = {9E47E015-A44F-4353-90F5-AC3C563736E2}
		{E7F2C645-73B0-450D-B91A-46BA6147BE0C} = {9E47E015-A44F-4353-90F5-AC3C563736E2}
		{4A79C82B-75C9-4F3B-8076-90EF92E9A5F2} = {9E47E015-A44F-4353-90F5-AC3C563736E2}
		{C3E25DF8-8910-4001-B038-C14F06C8F1B0} = {E0016E25-15B1-439D-89CD-A694F3379AD3}
	EndGlobalSection
	GlobalSection(ExtensibilityGlobals) = postSolution
		SolutionGuid = {29B6FAE6-C548-4BAD-9106-048F08BA29F0}
	EndGlobalSection
EndGlobal
