# This file is automatically generated by vipm.
# It is not intended for manual editing.

version = 2
revision = 0
updated-at = "2026-10-10T09:05:38.725352620Z"
requires-labview = "2020"

[[vipm.repo]]
name = "VIPM Community"
uri = "http://www.jkisoft.com/packages"

[[package]]
name = "astemes_lib_lunit"
version = "2.0.13.6"
manager = "vipm"
resolution-source = "repo"

[[package.source]]
repo = "VIPM Community"
checksum = "md5:57bc42bcfdfcf898ef5e00651992a015"

[[package]]
name = "hse_lib_git_api"
version = "2.3.4.176"
manager = "vipm"
resolution-source = "repo"

[[package.source]]
repo = "VIPM Community"
checksum = "md5:af3256375655bdb2af8503025a754da2"

[[package]]
name = "jki_lib_serialization"
version = "1.0.1.14"
manager = "vipm"
resolution-source = "repo"

[[package.source]]
repo = "VIPM Community"
checksum = "md5:51997ae9c8110c50bec7d725cdf1598f"

[[package]]
name = "jki_lib_state_machine"
version = "2024.0.3.23"
manager = "vipm"
dependencies = ["jki_rsc_toolkits_palette"]
resolution-source = "repo"

[[package.source]]
repo = "VIPM Community"
checksum = "md5:58d05fd50ecd54c4f1bfc05d47064f61"

[[package]]
name = "jki_lib_unicode"
version = "1.0.0.7"
manager = "vipm"
resolution-source = "repo"

[[package.source]]
repo = "VIPM Community"
checksum = "md5:5b478d1b5b86bf9d3366b55515b2d520"

[[package]]
name = "jki_lib_vipm_api"
version = "2020.0.3.80"
manager = "vipm"
resolution-source = "repo"

[[package.source]]
repo = "VIPM Community"
checksum = "md5:cb505625a4ff64539096f041ad32f687"

[[package]]
name = "jki_rsc_toolkits_palette"
version = "1.1-1"
manager = "vipm"
resolution-source = "repo"

[[package.source]]
repo = "VIPM Community"
checksum = "md5:d8e12776ee5532544b44cc7ab43045f8"

[[package]]
name = "oglib_array"
version = "6.0.1.20"
manager = "vipm"
resolution-source = "repo"

[[package.source]]
repo = "VIPM Community"
checksum = "md5:a56326241d08d49c74b7c4dc47eef591"

[[package]]
name = "oglib_error"
version = "6.0.0.26"
manager = "vipm"
resolution-source = "repo"

[[package.source]]
repo = "VIPM Community"
checksum = "md5:2e202920a5ca2b6fc1db1705924ba90c"

[[package]]
name = "oglib_file"
version = "6.0.2.28"
manager = "vipm"
dependencies = [
    "oglib_array",
    "oglib_error",
]
resolution-source = "repo"

[[package.source]]
repo = "VIPM Community"
checksum = "md5:55f6536972da75ee7f1ab59fd72f1ace"

[[package]]
name = "oglib_lvdata"
version = "6.0.0.45"
manager = "vipm"
dependencies = ["oglib_error"]
resolution-source = "repo"

[[package.source]]
repo = "VIPM Community"
checksum = "md5:7ac1df48c85dc6fe8f2b6ed50706d5c5"

[[package]]
name = "oglib_lvzip"
version = "5.0.9-1"
manager = "vipm"
resolution-source = "repo"

[[package.source]]
repo = "VIPM Community"
checksum = "md5:777dcc49eebb8062cd69eb0db806df1a"

[[package]]
name = "sas_workshops_lib_lunit_for_g_cli"
version = "1.2.1.85"
manager = "vipm"
dependencies = [
    "astemes_lib_lunit",
    "wiresmith_technology_lib_g_cli",
]
resolution-source = "repo"

[[package.source]]
repo = "VIPM Community"
checksum = "md5:c207b10fbd29d739292a672bc097c4b0"

[[package]]
name = "sas_workshops_lib_lvbuildspec_for_g_cli"
version = "1.2.1.104"
manager = "vipm"
dependencies = ["wiresmith_technology_lib_g_cli"]
resolution-source = "repo"

[[package.source]]
repo = "VIPM Community"
checksum = "md5:52e086b74929d6e1da3bbdaa6238ebc1"

[[package]]
name = "sas_workshops_lib_vipb_builder_for_g_cli"
version = "1.1.6.46"
manager = "vipm"
dependencies = [
    "jki_lib_vipm_api",
    "wiresmith_technology_lib_g_cli",
]
resolution-source = "repo"

[[package.source]]
repo = "VIPM Community"
checksum = "md5:b2fddfd5015cbf48a2fd433278c0776f"

[[package]]
name = "sas_workshops_lib_vipc_applier_for_g_cli"
version = "1.0.5.38"
manager = "vipm"
dependencies = [
    "jki_lib_vipm_api",
    "wiresmith_technology_lib_g_cli",
]
resolution-source = "repo"

[[package.source]]
repo = "VIPM Community"
checksum = "md5:941478b957a56728e4be304acc58b941"

[[package]]
name = "wiresmith_technology_lib_g_cli"
version = "3.0.1.98"
manager = "vipm"
resolution-source = "repo"

[[package.source]]
repo = "VIPM Community"
checksum = "md5:afd65a73b9c5719d91830db7a021d111"
