{
  "version": 1,
  "dependencies": {
    "net8.0": {
      "CsvHelper": {
        "type": "Direct",
        "requested": "[30.0.1, )",
        "resolved": "30.0.1",
        "contentHash": "rcZtgbWR+As4G3Vpgx0AMNmShGuQLFjkHAPIIflzrfkJCx8/AOd4m96ZRmiU1Wi39qS5UVjV0P8qdgqOo5Cwyg=="
      },
      "JsonSchema.Net": {
        "type": "Direct",
        "requested": "[6.0.0, )",
        "resolved": "6.0.0",
        "contentHash": "A5Y4S7ay0v7fPGfRXOEsZD+3otjngWyZ7QWz4Fa4bzAdmZKPcZfbN3J1vn0h1WJ3rg95Yt++W7/0OzLEM0//Rw==",
        "dependencies": {
          "Json.More.Net": "2.0.0",
          "JsonPointer.Net": "4.0.0"
        }
      },
      "Microsoft.NET.ILLink.Tasks": {
        "type": "Direct",
        "requested": "[8.0.22, )",
        "resolved": "8.0.22",
        "contentHash": "MhcMithKEiyyNkD2ZfbDZPmcOdi0GheGfg8saEIIEfD/fol3iHmcV8TsZkD4ZYz5gdUuoX4YtlVySUU7Sxl9SQ=="
      },
      "YamlDotNet": {
        "type": "Direct",
        "requested": "[15.1.2, )",
        "resolved": "15.1.2",
        "contentHash": "qeX0XhzOIcQEvnI5JxnPaIwcINwyY4Qy/LXhSfsdHkFrl9F41AT52UFfy2nIE7kgrhMg+cP7xuS+GtPJhmHmTA=="
      },
      "Humanizer.Core": {
        "type": "Transitive",
        "resolved": "2.14.1",
        "contentHash": "lQKvtaTDOXnoVJ20ibTuSIOf2i0uO0MPbDhd1jm238I+U/2ZnRENj0cktKZhtchBMtCUSRQ5v4xBCUbKNmyVMw=="
      },
      "Json.More.Net": {
        "type": "Transitive",
        "resolved": "2.0.0",
        "contentHash": "U9pOGTOqkxibxCZiBATbTGDc76tqt4KcuC245FU3Bzw6yWuGHp2M8/bMdy4OztmO1ckwp3VvgWQ7sO75mOEI7g=="
      },
      "JsonPointer.Net": {
        "type": "Transitive",
        "resolved": "4.0.0",
        "contentHash": "A2DjDKIdL8b93niaFaysAE9QynQ/U15Tw/MsNfra8NQPmoJZUoj86/ElTeJifGc2U86OTgFH5UdHAhIQRM7QQQ==",
        "dependencies": {
          "Humanizer.Core": "2.14.1",
          "Json.More.Net": "2.0.0"
        }
      },
      "srsapi": {
        "type": "Project"
      },
      "telemetry": {
        "type": "Project",
        "dependencies": {
          "JsonSchema.Net": "[6.0.0, )"
        }
      }
    },
    "net8.0/linux-x64": {}
  }
}