{
  "version": 1,
  "dependencies": {
    "net8.0": {
      "JsonSchema.Net": {
        "type": "Direct",
        "requested": "[6.0.0, )",
        "resolved": "6.0.0",
        "contentHash": "A5Y4S7ay0v7fPGfRXOEsZD+3otjngWyZ7QWz4Fa4bzAdmZKPcZfbN3J1vn0h1WJ3rg95Yt++W7/0OzLEM0//Rw==",
        "dependencies": {
          "Json.More.Net": "2.0.0",
          "JsonPointer.Net": "4.0.0"
        }
      },
      "Humanizer.Core": {
        "type": "Transitive",
        "resolved": "2.14.1",
        "contentHash": "lQKvtaTDOXnoVJ20ibTuSIOf2i0uO0MPbDhd1jm238I+U/2ZnRENj0cktKZhtchBMtCUSRQ5v4xBCUbKNmyVMw=="
      },
      "Json.More.Net": {
        "type": "Transitive",
        "resolved": "2.0.0",
        "contentHash": "U9pOGTOqkxibxCZiBATbTGDc76tqt4KcuC245FU3Bzw6yWuGHp2M8/bMdy4OztmO1ckwp3VvgWQ7sO75mOEI7g=="
      },
      "JsonPointer.Net": {
        "type": "Transitive",
        "resolved": "4.0.0",
        "contentHash": "A2DjDKIdL8b93niaFaysAE9QynQ/U15Tw/MsNfra8NQPmoJZUoj86/ElTeJifGc2U86OTgFH5UdHAhIQRM7QQQ==",
        "dependencies": {
          "Humanizer.Core": "2.14.1",
          "Json.More.Net": "2.0.0"
        }
      }
    }
  }
}